
Microsoft Visual Studio Solution File, Format Version 11.00
# Visual Studio 2010
Project("{FAE04EC0-301F-11D3-BF4B-00C04F79EFBC}") = "Assembly-CSharp-Editor", "Assembly-CSharp-Editor.csproj", "{b8cd8669-28d6-6a4a-20a5-7b8285e58826}"
EndProject
Project("{FAE04EC0-301F-11D3-BF4B-00C04F79EFBC}") = "Assembly-CSharp", "Assembly-CSharp.csproj", "{018e6f89-bb3b-bc8d-3cbf-54014ab58b37}"
EndProject
Project("{FAE04EC0-301F-11D3-BF4B-00C04F79EFBC}") = "Assembly-CSharp-firstpass", "Assembly-CSharp-firstpass.csproj", "{1ac97160-255e-0d6d-65ad-af0c81eb27f7}"
EndProject
Project("{FAE04EC0-301F-11D3-BF4B-00C04F79EFBC}") = "Assembly-CSharp-Editor-firstpass", "Assembly-CSharp-Editor-firstpass.csproj", "{7d6ce97e-f801-f86e-d185-255882c3f8c7}"
EndProject
Global
	GlobalSection(SolutionConfigurationPlatforms) = preSolution
		Debug|Any CPU = Debug|Any CPU
	EndGlobalSection
	GlobalSection(ProjectConfigurationPlatforms) = postSolution
		{b8cd8669-28d6-6a4a-20a5-7b8285e58826}.Debug|Any CPU.ActiveCfg = Debug|Any CPU
		{b8cd8669-28d6-6a4a-20a5-7b8285e58826}.Debug|Any CPU.Build.0 = Debug|Any CPU
		{018e6f89-bb3b-bc8d-3cbf-54014ab58b37}.Debug|Any CPU.ActiveCfg = Debug|Any CPU
		{018e6f89-bb3b-bc8d-3cbf-54014ab58b37}.Debug|Any CPU.Build.0 = Debug|Any CPU
		{1ac97160-255e-0d6d-65ad-af0c81eb27f7}.Debug|Any CPU.ActiveCfg = Debug|Any CPU
		{1ac97160-255e-0d6d-65ad-af0c81eb27f7}.Debug|Any CPU.Build.0 = Debug|Any CPU
		{7d6ce97e-f801-f86e-d185-255882c3f8c7}.Debug|Any CPU.ActiveCfg = Debug|Any CPU
		{7d6ce97e-f801-f86e-d185-255882c3f8c7}.Debug|Any CPU.Build.0 = Debug|Any CPU
	EndGlobalSection
	GlobalSection(SolutionProperties) = preSolution
		HideSolutionNode = FALSE
	EndGlobalSection
EndGlobal
